
Microsoft Visual Studio Solution File, Format Version 12.00
# Visual Studio Version 16
VisualStudioVersion = 16.0.30523.141
MinimumVisualStudioVersion = 10.0.40219.1
Project("{FAE04EC0-301F-11D3-BF4B-00C04F79EFBC}") = "WebApp", "WebApp\WebApp.csproj", "{800AADFC-21A1-4809-9BB1-DB1EC25CCC96}"
EndProject
Project("{FAE04EC0-301F-11D3-BF4B-00C04F79EFBC}") = "Model", "Model\Model.csproj", "{4BEAA38C-B059-44FF-B81B-DF54C7612F29}"
EndProject
Project("{FAE04EC0-301F-11D3-BF4B-00C04F79EFBC}") = "DAL", "DAL\DAL.csproj", "{72DA959C-6CFE-4F28-88C6-A74BA29C5823}"
EndProject
Project("{FAE04EC0-301F-11D3-BF4B-00C04F79EFBC}") = "BLL", "BLL\BLL.csproj", "{2AAF4460-F3D0-42FF-8403-23C8AE18A1DF}"
EndProject
Project("{FAE04EC0-301F-11D3-BF4B-00C04F79EFBC}") = "WebUnitTest", "WebUnitTest\WebUnitTest.csproj", "{6610C8DB-BFB1-4C0B-B04A-CEDBDB5A48E7}"
EndProject
Global
	GlobalSection(SolutionConfigurationPlatforms) = preSolution
		Debug|Any CPU = Debug|Any CPU
		Release|Any CPU = Release|Any CPU
	EndGlobalSection
	GlobalSection(ProjectConfigurationPlatforms) = postSolution
		{800AADFC-21A1-4809-9BB1-DB1EC25CCC96}.Debug|Any CPU.ActiveCfg = Debug|Any CPU
		{800AADFC-21A1-4809-9BB1-DB1EC25CCC96}.Debug|Any CPU.Build.0 = Debug|Any CPU
		{800AADFC-21A1-4809-9BB1-DB1EC25CCC96}.Release|Any CPU.ActiveCfg = Release|Any CPU
		{800AADFC-21A1-4809-9BB1-DB1EC25CCC96}.Release|Any CPU.Build.0 = Release|Any CPU
		{4BEAA38C-B059-44FF-B81B-DF54C7612F29}.Debug|Any CPU.ActiveCfg = Debug|Any CPU
		{4BEAA38C-B059-44FF-B81B-DF54C7612F29}.Debug|Any CPU.Build.0 = Debug|Any CPU
		{4BEAA38C-B059-44FF-B81B-DF54C7612F29}.Release|Any CPU.ActiveCfg = Release|Any CPU
		{4BEAA38C-B059-44FF-B81B-DF54C7612F29}.Release|Any CPU.Build.0 = Release|Any CPU
		{72DA959C-6CFE-4F28-88C6-A74BA29C5823}.Debug|Any CPU.ActiveCfg = Debug|Any CPU
		{72DA959C-6CFE-4F28-88C6-A74BA29C5823}.Debug|Any CPU.Build.0 = Debug|Any CPU
		{72DA959C-6CFE-4F28-88C6-A74BA29C5823}.Release|Any CPU.ActiveCfg = Release|Any CPU
		{72DA959C-6CFE-4F28-88C6-A74BA29C5823}.Release|Any CPU.Build.0 = Release|Any CPU
		{2AAF4460-F3D0-42FF-8403-23C8AE18A1DF}.Debug|Any CPU.ActiveCfg = Debug|Any CPU
		{2AAF4460-F3D0-42FF-8403-23C8AE18A1DF}.Debug|Any CPU.Build.0 = Debug|Any CPU
		{2AAF4460-F3D0-42FF-8403-23C8AE18A1DF}.Release|Any CPU.ActiveCfg = Release|Any CPU
		{2AAF4460-F3D0-42FF-8403-23C8AE18A1DF}.Release|Any CPU.Build.0 = Release|Any CPU
		{6610C8DB-BFB1-4C0B-B04A-CEDBDB5A48E7}.Debug|Any CPU.ActiveCfg = Debug|Any CPU
		{6610C8DB-BFB1-4C0B-B04A-CEDBDB5A48E7}.Debug|Any CPU.Build.0 = Debug|Any CPU
		{6610C8DB-BFB1-4C0B-B04A-CEDBDB5A48E7}.Release|Any CPU.ActiveCfg = Release|Any CPU
		{6610C8DB-BFB1-4C0B-B04A-CEDBDB5A48E7}.Release|Any CPU.Build.0 = Release|Any CPU
	EndGlobalSection
	GlobalSection(SolutionProperties) = preSolution
		HideSolutionNode = FALSE
	EndGlobalSection
	GlobalSection(ExtensibilityGlobals) = postSolution
		SolutionGuid = {F1AF9F37-F2C1-4D79-B301-6D4F7CA0AAED}
	EndGlobalSection
EndGlobal
